{
  "name": "@mgl/fleet-angular-sdk",
  "version": "0.1.0",
  "lockfileVersion": 1,
  "requires": true,
  "dependencies": {
    "@angular/common": {
      "version": "19.2.21",
      "resolved": "https://registry.npmjs.org/@angular/common/-/common-19.2.21.tgz",
      "integrity": "sha512-L+X0AOc+8SN+1ys1/nzOlkdwB7FUz6ts3MKdWW6wIPSIB6LcDth+QcJzx+XbwZ+zfPFEQkKsRWjo/eF82JePcg==",
      "dev": true,
      "requires": {
        "tslib": "^2.3.0"
      }
    },
    "@angular/core": {
      "version": "19.2.21",
      "resolved": "https://registry.npmjs.org/@angular/core/-/core-19.2.21.tgz",
      "integrity": "sha512-jdOEwkvUyF7VdJMURXkSB1yQy595wt1lSfSgUux9tZftA7UwamCsMdidUsKqRbdaI9M3r+RdIM7qrDAWwqzz+A==",
      "dev": true,
      "requires": {
        "tslib": "^2.3.0"
      }
    },
    "@mgl/fleet-core-sdk": {
      "version": "file:../core-sdk",
      "dependencies": {
        "typescript": {
          "version": "4.9.5",
          "bundled": true
        }
      }
    },
    "rxjs": {
      "version": "7.8.2",
      "resolved": "https://registry.npmjs.org/rxjs/-/rxjs-7.8.2.tgz",
      "integrity": "sha512-dhKf903U/PQZY6boNNtAGdWbG85WAbjT/1xYoZIC7FAY0yWapOBQVsVrDl58W86//e1VpMNBtRV4MaXfdMySFA==",
      "dev": true,
      "requires": {
        "tslib": "^2.1.0"
      }
    },
    "tslib": {
      "version": "2.8.1",
      "resolved": "https://registry.npmjs.org/tslib/-/tslib-2.8.1.tgz",
      "integrity": "sha512-oJFu94HQb+KVduSUQL7wnpmqnfmLsOA/nAh6b6EH0wCEoK0/mPeXU6c3wKDV83MkOuHPRHtSXKKU99IBazS/2w==",
      "dev": true
    },
    "typescript": {
      "version": "5.9.3",
      "resolved": "https://registry.npmjs.org/typescript/-/typescript-5.9.3.tgz",
      "integrity": "sha512-jl1vZzPDinLr9eUt3J/t7V6FgNEw9QjvBPdysz9KfQDD41fQrC2Y4vKQdiaUpFT4bXlb1RHhLpp8wtm6M5TgSw==",
      "dev": true
    }
  }
}
